PODS:
  - NextGenDataManager (1.0.0)

DEPENDENCIES:
  - NextGenDataManager (from `../`)

EXTERNAL SOURCES:
  NextGenDataManager:
    :path: "../"

SPEC CHECKSUMS:
  NextGenDataManager: d751161a5bc6526588d59cd4d52288f780520600

PODFILE CHECKSUM: f0cc31e3f0b1222f24d2e43e185f0000c65887a8

COCOAPODS: 1.0.1
