PODS:
  - NextGenDataManager (2.1.0)

DEPENDENCIES:
  - NextGenDataManager (from `../`)

EXTERNAL SOURCES:
  NextGenDataManager:
    :path: "../"

SPEC CHECKSUMS:
  NextGenDataManager: 1e0c55f78a5427b11ea044381c89e0e36a1e87da

PODFILE CHECKSUM: f0cc31e3f0b1222f24d2e43e185f0000c65887a8

COCOAPODS: 1.0.1
