PODS:
  - NextGenDataManager (0.0.4)

DEPENDENCIES:
  - NextGenDataManager (from `../`)

EXTERNAL SOURCES:
  NextGenDataManager:
    :path: "../"

SPEC CHECKSUMS:
  NextGenDataManager: 1d1acc018d641037ed0d766e226a83d872943089

PODFILE CHECKSUM: f0cc31e3f0b1222f24d2e43e185f0000c65887a8

COCOAPODS: 1.0.1
